
Microsoft Visual Studio Solution File, Format Version 12.00
# Visual Studio Version 17
VisualStudioVersion = 17.7.34031.279
MinimumVisualStudioVersion = 10.0.40219.1
Project("{FAE04EC0-301F-11D3-BF4B-00C04F79EFBC}") = "AzurePhaseEnd", "AzurePhaseEnd\AzurePhaseEnd.csproj", "{D6398B40-F565-4733-8DF6-1F53CBB58E80}"
EndProject
Project("{FAE04EC0-301F-11D3-BF4B-00C04F79EFBC}") = "Testing", "Testing\Testing.csproj", "{82394B47-C0F8-4DBA-BB39-E354821207ED}"
EndProject
Global
	GlobalSection(SolutionConfigurationPlatforms) = preSolution
		Debug|Any CPU = Debug|Any CPU
		Release|Any CPU = Release|Any CPU
	EndGlobalSection
	GlobalSection(ProjectConfigurationPlatforms) = postSolution
		{D6398B40-F565-4733-8DF6-1F53CBB58E80}.Debug|Any CPU.ActiveCfg = Debug|Any CPU
		{D6398B40-F565-4733-8DF6-1F53CBB58E80}.Debug|Any CPU.Build.0 = Debug|Any CPU
		{D6398B40-F565-4733-8DF6-1F53CBB58E80}.Release|Any CPU.ActiveCfg = Release|Any CPU
		{D6398B40-F565-4733-8DF6-1F53CBB58E80}.Release|Any CPU.Build.0 = Release|Any CPU
		{82394B47-C0F8-4DBA-BB39-E354821207ED}.Debug|Any CPU.ActiveCfg = Debug|Any CPU
		{82394B47-C0F8-4DBA-BB39-E354821207ED}.Debug|Any CPU.Build.0 = Debug|Any CPU
		{82394B47-C0F8-4DBA-BB39-E354821207ED}.Release|Any CPU.ActiveCfg = Release|Any CPU
		{82394B47-C0F8-4DBA-BB39-E354821207ED}.Release|Any CPU.Build.0 = Release|Any CPU
	EndGlobalSection
	GlobalSection(SolutionProperties) = preSolution
		HideSolutionNode = FALSE
	EndGlobalSection
	GlobalSection(ExtensibilityGlobals) = postSolution
		SolutionGuid = {B9169661-C1B1-4FB4-A267-60563883A984}
	EndGlobalSection
EndGlobal
